
Microsoft Visual Studio Solution File, Format Version 12.00
# Visual Studio 16
Project("{FAE04EC0-301F-11D3-BF4B-00C04F79EFBC}") = "Assembly-CSharp", "Assembly-CSharp.csproj", "{83E4A97E-B1A2-9A27-0DF3-70500C30B150}"
EndProject
Project("{FAE04EC0-301F-11D3-BF4B-00C04F79EFBC}") = "Assembly-CSharp-Editor", "Assembly-CSharp-Editor.csproj", "{3BF228F4-7578-94CE-BA2D-C5964F5913DE}"
EndProject
Global
	GlobalSection(SolutionConfigurationPlatforms) = preSolution
		Debug|Any CPU = Debug|Any CPU
		Release|Any CPU = Release|Any CPU
	EndGlobalSection
	GlobalSection(ProjectConfigurationPlatforms) = postSolution
		{83E4A97E-B1A2-9A27-0DF3-70500C30B150}.Debug|Any CPU.ActiveCfg = Debug|Any CPU
		{83E4A97E-B1A2-9A27-0DF3-70500C30B150}.Debug|Any CPU.Build.0 = Debug|Any CPU
		{83E4A97E-B1A2-9A27-0DF3-70500C30B150}.Release|Any CPU.ActiveCfg = Release|Any CPU
		{83E4A97E-B1A2-9A27-0DF3-70500C30B150}.Release|Any CPU.Build.0 = Release|Any CPU
		{3BF228F4-7578-94CE-BA2D-C5964F5913DE}.Debug|Any CPU.ActiveCfg = Debug|Any CPU
		{3BF228F4-7578-94CE-BA2D-C5964F5913DE}.Debug|Any CPU.Build.0 = Debug|Any CPU
		{3BF228F4-7578-94CE-BA2D-C5964F5913DE}.Release|Any CPU.ActiveCfg = Release|Any CPU
		{3BF228F4-7578-94CE-BA2D-C5964F5913DE}.Release|Any CPU.Build.0 = Release|Any CPU
	EndGlobalSection
	GlobalSection(SolutionProperties) = preSolution
		HideSolutionNode = FALSE
	EndGlobalSection
EndGlobal
